
Microsoft Visual Studio Solution File, Format Version 12.00
# Visual Studio Version 17
VisualStudioVersion = 17.5.002.0
MinimumVisualStudioVersion = 10.0.40219.1
Project("{9A19103F-16F7-4668-BE54-9A1E7A4F7556}") = "aoc", "aoc.csproj", "{62D27909-5066-4877-9BA7-1E59BAC7939F}"
EndProject
Global
	GlobalSection(SolutionConfigurationPlatforms) = preSolution
		Debug|Any CPU = Debug|Any CPU
		Release|Any CPU = Release|Any CPU
	EndGlobalSection
	GlobalSection(ProjectConfigurationPlatforms) = postSolution
		{62D27909-5066-4877-9BA7-1E59BAC7939F}.Debug|Any CPU.ActiveCfg = Debug|Any CPU
		{62D27909-5066-4877-9BA7-1E59BAC7939F}.Debug|Any CPU.Build.0 = Debug|Any CPU
		{62D27909-5066-4877-9BA7-1E59BAC7939F}.Release|Any CPU.ActiveCfg = Release|Any CPU
		{62D27909-5066-4877-9BA7-1E59BAC7939F}.Release|Any CPU.Build.0 = Release|Any CPU
	EndGlobalSection
	GlobalSection(SolutionProperties) = preSolution
		HideSolutionNode = FALSE
	EndGlobalSection
	GlobalSection(ExtensibilityGlobals) = postSolution
		SolutionGuid = {09EEB00E-B45F-47A1-B522-B5E42AC1FB44}
	EndGlobalSection
EndGlobal
