
Microsoft Visual Studio Solution File, Format Version 12.00
# Visual Studio Version 17
VisualStudioVersion = 17.5.002.0
MinimumVisualStudioVersion = 10.0.40219.1
Project("{9A19103F-16F7-4668-BE54-9A1E7A4F7556}") = "aoc", "aoc.csproj", "{5E589291-D5E4-4054-A823-7651D3AAB288}"
EndProject
Global
	GlobalSection(SolutionConfigurationPlatforms) = preSolution
		Debug|Any CPU = Debug|Any CPU
		Release|Any CPU = Release|Any CPU
	EndGlobalSection
	GlobalSection(ProjectConfigurationPlatforms) = postSolution
		{5E589291-D5E4-4054-A823-7651D3AAB288}.Debug|Any CPU.ActiveCfg = Debug|Any CPU
		{5E589291-D5E4-4054-A823-7651D3AAB288}.Debug|Any CPU.Build.0 = Debug|Any CPU
		{5E589291-D5E4-4054-A823-7651D3AAB288}.Release|Any CPU.ActiveCfg = Release|Any CPU
		{5E589291-D5E4-4054-A823-7651D3AAB288}.Release|Any CPU.Build.0 = Release|Any CPU
	EndGlobalSection
	GlobalSection(SolutionProperties) = preSolution
		HideSolutionNode = FALSE
	EndGlobalSection
	GlobalSection(ExtensibilityGlobals) = postSolution
		SolutionGuid = {E069F52F-E79C-46AE-81A7-81B48CB6FE2A}
	EndGlobalSection
EndGlobal
